
Microsoft Visual Studio Solution File, Format Version 12.00
# Visual Studio Version 16
VisualStudioVersion = 16.0.810.7
MinimumVisualStudioVersion = 10.0.40219.1
Project("{FAE04EC0-301F-11D3-BF4B-00C04F79EFBC}") = "Hotel19966292", "Hotel19966292.csproj", "{7EB73319-9E9F-403E-A08D-5307C74FB18E}"
EndProject
Global
	GlobalSection(SolutionConfigurationPlatforms) = preSolution
		Debug|Any CPU = Debug|Any CPU
		Release|Any CPU = Release|Any CPU
	EndGlobalSection
	GlobalSection(ProjectConfigurationPlatforms) = postSolution
		{7EB73319-9E9F-403E-A08D-5307C74FB18E}.Debug|Any CPU.ActiveCfg = Debug|Any CPU
		{7EB73319-9E9F-403E-A08D-5307C74FB18E}.Debug|Any CPU.Build.0 = Debug|Any CPU
		{7EB73319-9E9F-403E-A08D-5307C74FB18E}.Release|Any CPU.ActiveCfg = Release|Any CPU
		{7EB73319-9E9F-403E-A08D-5307C74FB18E}.Release|Any CPU.Build.0 = Release|Any CPU
	EndGlobalSection
	GlobalSection(SolutionProperties) = preSolution
		HideSolutionNode = FALSE
	EndGlobalSection
	GlobalSection(ExtensibilityGlobals) = postSolution
		SolutionGuid = {C568FD69-32F3-4D13-8461-D5663785DD75}
	EndGlobalSection
EndGlobal
